
Microsoft Visual Studio Solution File, Format Version 12.00
# Visual Studio Version 17
VisualStudioVersion = 17.5.2.0
MinimumVisualStudioVersion = 10.0.40219.1
Project("{FAE04EC0-301F-11D3-BF4B-00C04F79EFBC}") = "Models", "Models\Models.csproj", "{262C6A48-AE34-D77E-44A9-AF0CD30983F0}"
EndProject
Project("{FAE04EC0-301F-11D3-BF4B-00C04F79EFBC}") = "DapperData", "DapperData\DapperData.csproj", "{5B58CEAD-19F0-44E1-8A05-677EFE292FE3}"
EndProject
Project("{FAE04EC0-301F-11D3-BF4B-00C04F79EFBC}") = "TPFinalAPI", "TPFinalAPI\TPFinalAPI.csproj", "{B2C5CBA2-8481-4D19-B803-5689B05E26BF}"
EndProject
Project("{FAE04EC0-301F-11D3-BF4B-00C04F79EFBC}") = "MVC", "MVC\MVC.csproj", "{DADD9B17-02F4-481F-94B4-F01665CC3EBB}"
EndProject
Global
	GlobalSection(SolutionConfigurationPlatforms) = preSolution
		Debug|Any CPU = Debug|Any CPU
		Debug|x64 = Debug|x64
		Debug|x86 = Debug|x86
		Release|Any CPU = Release|Any CPU
		Release|x64 = Release|x64
		Release|x86 = Release|x86
	EndGlobalSection
	GlobalSection(ProjectConfigurationPlatforms) = postSolution
		{262C6A48-AE34-D77E-44A9-AF0CD30983F0}.Debug|Any CPU.ActiveCfg = Debug|Any CPU
		{262C6A48-AE34-D77E-44A9-AF0CD30983F0}.Debug|Any CPU.Build.0 = Debug|Any CPU
		{262C6A48-AE34-D77E-44A9-AF0CD30983F0}.Debug|x64.ActiveCfg = Debug|Any CPU
		{262C6A48-AE34-D77E-44A9-AF0CD30983F0}.Debug|x64.Build.0 = Debug|Any CPU
		{262C6A48-AE34-D77E-44A9-AF0CD30983F0}.Debug|x86.ActiveCfg = Debug|Any CPU
		{262C6A48-AE34-D77E-44A9-AF0CD30983F0}.Debug|x86.Build.0 = Debug|Any CPU
		{262C6A48-AE34-D77E-44A9-AF0CD30983F0}.Release|Any CPU.ActiveCfg = Release|Any CPU
		{262C6A48-AE34-D77E-44A9-AF0CD30983F0}.Release|Any CPU.Build.0 = Release|Any CPU
		{262C6A48-AE34-D77E-44A9-AF0CD30983F0}.Release|x64.ActiveCfg = Release|Any CPU
		{262C6A48-AE34-D77E-44A9-AF0CD30983F0}.Release|x64.Build.0 = Release|Any CPU
		{262C6A48-AE34-D77E-44A9-AF0CD30983F0}.Release|x86.ActiveCfg = Release|Any CPU
		{262C6A48-AE34-D77E-44A9-AF0CD30983F0}.Release|x86.Build.0 = Release|Any CPU
		{5B58CEAD-19F0-44E1-8A05-677EFE292FE3}.Debug|Any CPU.ActiveCfg = Debug|Any CPU
		{5B58CEAD-19F0-44E1-8A05-677EFE292FE3}.Debug|Any CPU.Build.0 = Debug|Any CPU
		{5B58CEAD-19F0-44E1-8A05-677EFE292FE3}.Debug|x64.ActiveCfg = Debug|Any CPU
		{5B58CEAD-19F0-44E1-8A05-677EFE292FE3}.Debug|x64.Build.0 = Debug|Any CPU
		{5B58CEAD-19F0-44E1-8A05-677EFE292FE3}.Debug|x86.ActiveCfg = Debug|Any CPU
		{5B58CEAD-19F0-44E1-8A05-677EFE292FE3}.Debug|x86.Build.0 = Debug|Any CPU
		{5B58CEAD-19F0-44E1-8A05-677EFE292FE3}.Release|Any CPU.ActiveCfg = Release|Any CPU
		{5B58CEAD-19F0-44E1-8A05-677EFE292FE3}.Release|Any CPU.Build.0 = Release|Any CPU
		{5B58CEAD-19F0-44E1-8A05-677EFE292FE3}.Release|x64.ActiveCfg = Release|Any CPU
		{5B58CEAD-19F0-44E1-8A05-677EFE292FE3}.Release|x64.Build.0 = Release|Any CPU
		{5B58CEAD-19F0-44E1-8A05-677EFE292FE3}.Release|x86.ActiveCfg = Release|Any CPU
		{5B58CEAD-19F0-44E1-8A05-677EFE292FE3}.Release|x86.Build.0 = Release|Any CPU
		{B2C5CBA2-8481-4D19-B803-5689B05E26BF}.Debug|Any CPU.ActiveCfg = Debug|Any CPU
		{B2C5CBA2-8481-4D19-B803-5689B05E26BF}.Debug|Any CPU.Build.0 = Debug|Any CPU
		{B2C5CBA2-8481-4D19-B803-5689B05E26BF}.Debug|x64.ActiveCfg = Debug|Any CPU
		{B2C5CBA2-8481-4D19-B803-5689B05E26BF}.Debug|x64.Build.0 = Debug|Any CPU
		{B2C5CBA2-8481-4D19-B803-5689B05E26BF}.Debug|x86.ActiveCfg = Debug|Any CPU
		{B2C5CBA2-8481-4D19-B803-5689B05E26BF}.Debug|x86.Build.0 = Debug|Any CPU
		{B2C5CBA2-8481-4D19-B803-5689B05E26BF}.Release|Any CPU.ActiveCfg = Release|Any CPU
		{B2C5CBA2-8481-4D19-B803-5689B05E26BF}.Release|Any CPU.Build.0 = Release|Any CPU
		{B2C5CBA2-8481-4D19-B803-5689B05E26BF}.Release|x64.ActiveCfg = Release|Any CPU
		{B2C5CBA2-8481-4D19-B803-5689B05E26BF}.Release|x64.Build.0 = Release|Any CPU
		{B2C5CBA2-8481-4D19-B803-5689B05E26BF}.Release|x86.ActiveCfg = Release|Any CPU
		{B2C5CBA2-8481-4D19-B803-5689B05E26BF}.Release|x86.Build.0 = Release|Any CPU
		{DADD9B17-02F4-481F-94B4-F01665CC3EBB}.Debug|Any CPU.ActiveCfg = Debug|Any CPU
		{DADD9B17-02F4-481F-94B4-F01665CC3EBB}.Debug|Any CPU.Build.0 = Debug|Any CPU
		{DADD9B17-02F4-481F-94B4-F01665CC3EBB}.Debug|x64.ActiveCfg = Debug|Any CPU
		{DADD9B17-02F4-481F-94B4-F01665CC3EBB}.Debug|x64.Build.0 = Debug|Any CPU
		{DADD9B17-02F4-481F-94B4-F01665CC3EBB}.Debug|x86.ActiveCfg = Debug|Any CPU
		{DADD9B17-02F4-481F-94B4-F01665CC3EBB}.Debug|x86.Build.0 = Debug|Any CPU
		{DADD9B17-02F4-481F-94B4-F01665CC3EBB}.Release|Any CPU.ActiveCfg = Release|Any CPU
		{DADD9B17-02F4-481F-94B4-F01665CC3EBB}.Release|Any CPU.Build.0 = Release|Any CPU
		{DADD9B17-02F4-481F-94B4-F01665CC3EBB}.Release|x64.ActiveCfg = Release|Any CPU
		{DADD9B17-02F4-481F-94B4-F01665CC3EBB}.Release|x64.Build.0 = Release|Any CPU
		{DADD9B17-02F4-481F-94B4-F01665CC3EBB}.Release|x86.ActiveCfg = Release|Any CPU
		{DADD9B17-02F4-481F-94B4-F01665CC3EBB}.Release|x86.Build.0 = Release|Any CPU
	EndGlobalSection
	GlobalSection(SolutionProperties) = preSolution
		HideSolutionNode = FALSE
	EndGlobalSection
	GlobalSection(ExtensibilityGlobals) = postSolution
		SolutionGuid = {8732808B-A5B5-4DFC-8685-88EC6E9E4A30}
	EndGlobalSection
EndGlobal
